<?xml version="1.0" encoding="UTF-8"?>
<CodeBlocks_project_file>
	<FileVersion major="1" minor="6"/>
	<Project>
		<Option title="ed25519_sign_verify"/>
		<Option makefile_is_custom="1"/>
		<Option compiler="gcc"/>
		<Option virtualFolders="CMake Files\;"/>
		<Build>
			<Target title="all">
				<Option working_dir="/home/haojun/Developer/ed25519_sign_verify"/>
				<Option type="4"/>
				<MakeCommands>
					<Build command="/usr/bin/make -f &quot;/home/haojun/Developer/ed25519_sign_verify/Makefile&quot;  VERBOSE=1 all"/>
					<CompileFile command="/usr/bin/make -f &quot;/home/haojun/Developer/ed25519_sign_verify/Makefile&quot;  VERBOSE=1 &quot;$file&quot;"/>
					<Clean command="/usr/bin/make -f &quot;/home/haojun/Developer/ed25519_sign_verify/Makefile&quot;  VERBOSE=1 clean"/>
					<DistClean command="/usr/bin/make -f &quot;/home/haojun/Developer/ed25519_sign_verify/Makefile&quot;  VERBOSE=1 clean"/>
				</MakeCommands>
			</Target>
			<Target title="rebuild_cache">
				<Option working_dir="/home/haojun/Developer/ed25519_sign_verify"/>
				<Option type="4"/>
				<MakeCommands>
					<Build command="/usr/bin/make -f &quot;/home/haojun/Developer/ed25519_sign_verify/Makefile&quot;  VERBOSE=1 rebuild_cache"/>
					<CompileFile command="/usr/bin/make -f &quot;/home/haojun/Developer/ed25519_sign_verify/Makefile&quot;  VERBOSE=1 &quot;$file&quot;"/>
					<Clean command="/usr/bin/make -f &quot;/home/haojun/Developer/ed25519_sign_verify/Makefile&quot;  VERBOSE=1 clean"/>
					<DistClean command="/usr/bin/make -f &quot;/home/haojun/Developer/ed25519_sign_verify/Makefile&quot;  VERBOSE=1 clean"/>
				</MakeCommands>
			</Target>
			<Target title="ed25519_sign_verify">
				<Option output="/home/haojun/Developer/ed25519_sign_verify/ed25519_sign_verify" prefix_auto="0" extension_auto="0"/>
				<Option working_dir="/home/haojun/Developer/ed25519_sign_verify"/>
				<Option object_output="./"/>
				<Option type="1"/>
				<Option compiler="gcc"/>
				<Compiler/>
				<MakeCommands>
					<Build command="/usr/bin/make -f &quot;/home/haojun/Developer/ed25519_sign_verify/Makefile&quot;  VERBOSE=1 ed25519_sign_verify"/>
					<CompileFile command="/usr/bin/make -f &quot;/home/haojun/Developer/ed25519_sign_verify/Makefile&quot;  VERBOSE=1 &quot;$file&quot;"/>
					<Clean command="/usr/bin/make -f &quot;/home/haojun/Developer/ed25519_sign_verify/Makefile&quot;  VERBOSE=1 clean"/>
					<DistClean command="/usr/bin/make -f &quot;/home/haojun/Developer/ed25519_sign_verify/Makefile&quot;  VERBOSE=1 clean"/>
				</MakeCommands>
			</Target>
			<Target title="ed25519_sign_verify/fast">
				<Option output="/home/haojun/Developer/ed25519_sign_verify/ed25519_sign_verify" prefix_auto="0" extension_auto="0"/>
				<Option working_dir="/home/haojun/Developer/ed25519_sign_verify"/>
				<Option object_output="./"/>
				<Option type="1"/>
				<Option compiler="gcc"/>
				<Compiler/>
				<MakeCommands>
					<Build command="/usr/bin/make -f &quot;/home/haojun/Developer/ed25519_sign_verify/Makefile&quot;  VERBOSE=1 ed25519_sign_verify/fast"/>
					<CompileFile command="/usr/bin/make -f &quot;/home/haojun/Developer/ed25519_sign_verify/Makefile&quot;  VERBOSE=1 &quot;$file&quot;"/>
					<Clean command="/usr/bin/make -f &quot;/home/haojun/Developer/ed25519_sign_verify/Makefile&quot;  VERBOSE=1 clean"/>
					<DistClean command="/usr/bin/make -f &quot;/home/haojun/Developer/ed25519_sign_verify/Makefile&quot;  VERBOSE=1 clean"/>
				</MakeCommands>
			</Target>
			<Target title="edit_cache">
				<Option working_dir="/home/haojun/Developer/ed25519_sign_verify"/>
				<Option type="4"/>
				<MakeCommands>
					<Build command="/usr/bin/make -f &quot;/home/haojun/Developer/ed25519_sign_verify/Makefile&quot;  VERBOSE=1 edit_cache"/>
					<CompileFile command="/usr/bin/make -f &quot;/home/haojun/Developer/ed25519_sign_verify/Makefile&quot;  VERBOSE=1 &quot;$file&quot;"/>
					<Clean command="/usr/bin/make -f &quot;/home/haojun/Developer/ed25519_sign_verify/Makefile&quot;  VERBOSE=1 clean"/>
					<DistClean command="/usr/bin/make -f &quot;/home/haojun/Developer/ed25519_sign_verify/Makefile&quot;  VERBOSE=1 clean"/>
				</MakeCommands>
			</Target>
		</Build>
		<Unit filename="/home/haojun/Developer/ed25519_sign_verify/header/curve25519-donna-64bit.h">
			<Option target="ed25519_sign_verify"/>
		</Unit>
		<Unit filename="/home/haojun/Developer/ed25519_sign_verify/header/curve25519-donna-helpers.h">
			<Option target="ed25519_sign_verify"/>
		</Unit>
		<Unit filename="/home/haojun/Developer/ed25519_sign_verify/header/ed25519-donna-64bit-tables.h">
			<Option target="ed25519_sign_verify"/>
		</Unit>
		<Unit filename="/home/haojun/Developer/ed25519_sign_verify/header/ed25519-donna-64bit-x86.h">
			<Option target="ed25519_sign_verify"/>
		</Unit>
		<Unit filename="/home/haojun/Developer/ed25519_sign_verify/header/ed25519-donna-basepoint-table.h">
			<Option target="ed25519_sign_verify"/>
		</Unit>
		<Unit filename="/home/haojun/Developer/ed25519_sign_verify/header/ed25519-donna-impl-base.h">
			<Option target="ed25519_sign_verify"/>
		</Unit>
		<Unit filename="/home/haojun/Developer/ed25519_sign_verify/header/ed25519-donna-portable-identify.h">
			<Option target="ed25519_sign_verify"/>
		</Unit>
		<Unit filename="/home/haojun/Developer/ed25519_sign_verify/header/ed25519-donna-portable.h">
			<Option target="ed25519_sign_verify"/>
		</Unit>
		<Unit filename="/home/haojun/Developer/ed25519_sign_verify/header/ed25519-donna.h">
			<Option target="ed25519_sign_verify"/>
		</Unit>
		<Unit filename="/home/haojun/Developer/ed25519_sign_verify/header/ed25519-hash.h">
			<Option target="ed25519_sign_verify"/>
		</Unit>
		<Unit filename="/home/haojun/Developer/ed25519_sign_verify/header/modm-donna-64bit.h">
			<Option target="ed25519_sign_verify"/>
		</Unit>
		<Unit filename="/home/haojun/Developer/ed25519_sign_verify/header/orconfig.h">
			<Option target="ed25519_sign_verify"/>
		</Unit>
		<Unit filename="/home/haojun/Developer/ed25519_sign_verify/header/sign.h">
			<Option target="ed25519_sign_verify"/>
		</Unit>
		<Unit filename="/home/haojun/Developer/ed25519_sign_verify/main.c">
			<Option target="ed25519_sign_verify"/>
		</Unit>
		<Unit filename="/home/haojun/Developer/ed25519_sign_verify/src/sign.c">
			<Option target="ed25519_sign_verify"/>
		</Unit>
		<Unit filename="/home/haojun/Developer/ed25519_sign_verify/src/verify.c">
			<Option target="ed25519_sign_verify"/>
		</Unit>
		<Unit filename="/home/haojun/Developer/ed25519_sign_verify/CMakeLists.txt">
			<Option virtualFolder="CMake Files\"/>
		</Unit>
	</Project>
</CodeBlocks_project_file>
